
Microsoft Visual Studio Solution File, Format Version 12.00
# Visual Studio Version 16
VisualStudioVersion = 16.0.30011.22
MinimumVisualStudioVersion = 10.0.40219.1
Project("{FAE04EC0-301F-11D3-BF4B-00C04F79EFBC}") = "Singh_Study_Centre_Navjit", "Singh_Study_Centre_Navjit\Singh_Study_Centre_Navjit.csproj", "{2B63B621-5601-46B3-B2B9-6B884C273D9C}"
EndProject
Global
	GlobalSection(SolutionConfigurationPlatforms) = preSolution
		Debug|Any CPU = Debug|Any CPU
		Release|Any CPU = Release|Any CPU
	EndGlobalSection
	GlobalSection(ProjectConfigurationPlatforms) = postSolution
		{2B63B621-5601-46B3-B2B9-6B884C273D9C}.Debug|Any CPU.ActiveCfg = Debug|Any CPU
		{2B63B621-5601-46B3-B2B9-6B884C273D9C}.Debug|Any CPU.Build.0 = Debug|Any CPU
		{2B63B621-5601-46B3-B2B9-6B884C273D9C}.Release|Any CPU.ActiveCfg = Release|Any CPU
		{2B63B621-5601-46B3-B2B9-6B884C273D9C}.Release|Any CPU.Build.0 = Release|Any CPU
	EndGlobalSection
	GlobalSection(SolutionProperties) = preSolution
		HideSolutionNode = FALSE
	EndGlobalSection
	GlobalSection(ExtensibilityGlobals) = postSolution
		SolutionGuid = {B96D620C-0A63-4F53-B65C-E9BAC6BF4B0C}
	EndGlobalSection
EndGlobal
